
Microsoft Visual Studio Solution File, Format Version 12.00
# Visual Studio 14
VisualStudioVersion = 14.0.25123.0
MinimumVisualStudioVersion = 10.0.40219.1
Project("{2150E333-8FDC-42A3-9474-1A3956D46DE8}") = "src", "src", "{75A7DDBD-F3F8-4221-848A-4957247B3695}"
EndProject
Project("{2150E333-8FDC-42A3-9474-1A3956D46DE8}") = "Solution Items", "Solution Items", "{C26560ED-C86F-4910-A0B0-48E3B96D913A}"
	ProjectSection(SolutionItems) = preProject
		global.json = global.json
	EndProjectSection
EndProject
Project("{8BB2217D-0F2D-49D1-97BC-3654ED321F3B}") = "HelloAsp", "src\HelloAsp\HelloAsp.xproj", "{9E764ABD-CDC6-4270-A0CD-597C3EA6C9EF}"
EndProject
Global
	GlobalSection(SolutionConfigurationPlatforms) = preSolution
		Debug|Any CPU = Debug|Any CPU
		Release|Any CPU = Release|Any CPU
	EndGlobalSection
	GlobalSection(ProjectConfigurationPlatforms) = postSolution
		{9E764ABD-CDC6-4270-A0CD-597C3EA6C9EF}.Debug|Any CPU.ActiveCfg = Debug|Any CPU
		{9E764ABD-CDC6-4270-A0CD-597C3EA6C9EF}.Debug|Any CPU.Build.0 = Debug|Any CPU
		{9E764ABD-CDC6-4270-A0CD-597C3EA6C9EF}.Release|Any CPU.ActiveCfg = Release|Any CPU
		{9E764ABD-CDC6-4270-A0CD-597C3EA6C9EF}.Release|Any CPU.Build.0 = Release|Any CPU
	EndGlobalSection
	GlobalSection(SolutionProperties) = preSolution
		HideSolutionNode = FALSE
	EndGlobalSection
	GlobalSection(NestedProjects) = preSolution
		{9E764ABD-CDC6-4270-A0CD-597C3EA6C9EF} = {75A7DDBD-F3F8-4221-848A-4957247B3695}
	EndGlobalSection
EndGlobal
